// !$*UTF8*$!
{
	archiveVersion = 1;
	classes = {
	};
	objectVersion = 56;
	objects = {

/* Begin PBXBuildFile section */
		75015EC52A6894F1003F471F /* EditProfileView.swift in Sources */ = {isa = PBXBuildFile; fileRef = 75015EC42A6894F1003F471F /* EditProfileView.swift */; };
		7567D60F2A65FAE5002D93DF /* SDWebImageSwiftUI in Frameworks */ = {isa = PBXBuildFile; productRef = 7567D60E2A65FAE5002D93DF /* SDWebImageSwiftUI */; };
		7567D6112A65FE2D002D93DF /* SettingsView.swift in Sources */ = {isa = PBXBuildFile; fileRef = 7567D6102A65FE2D002D93DF /* SettingsView.swift */; };
		7567D6132A66028A002D93DF /* SearchView.swift in Sources */ = {isa = PBXBuildFile; fileRef = 7567D6122A66028A002D93DF /* SearchView.swift */; };
		7567D6152A674CD7002D93DF /* ReusableProfileContent.swift in Sources */ = {isa = PBXBuildFile; fileRef = 7567D6142A674CD7002D93DF /* ReusableProfileContent.swift */; };
		759D88732A5CAFB600C19F3E /* MusicApp.xcdatamodeld in Sources */ = {isa = PBXBuildFile; fileRef = 759D88712A5CAFB600C19F3E /* MusicApp.xcdatamodeld */; };
		759D88752A5CAFFC00C19F3E /* DataController.swift in Sources */ = {isa = PBXBuildFile; fileRef = 759D88742A5CAFFC00C19F3E /* DataController.swift */; };
		75A13D412A54BE1900387E08 /* Music_AppApp.swift in Sources */ = {isa = PBXBuildFile; fileRef = 75A13D402A54BE1900387E08 /* Music_AppApp.swift */; };
		75A13D432A54BE1900387E08 /* ContentView.swift in Sources */ = {isa = PBXBuildFile; fileRef = 75A13D422A54BE1900387E08 /* ContentView.swift */; };
		75A13D452A54BE1A00387E08 /* Assets.xcassets in Resources */ = {isa = PBXBuildFile; fileRef = 75A13D442A54BE1A00387E08 /* Assets.xcassets */; };
		75A13D482A54BE1A00387E08 /* Preview Assets.xcassets in Resources */ = {isa = PBXBuildFile; fileRef = 75A13D472A54BE1A00387E08 /* Preview Assets.xcassets */; };
		75A13D512A5610B500387E08 /* GoogleService-Info.plist in Resources */ = {isa = PBXBuildFile; fileRef = 75A13D502A5610B500387E08 /* GoogleService-Info.plist */; };
		75A13D542A561C3700387E08 /* FirebaseAuth in Frameworks */ = {isa = PBXBuildFile; productRef = 75A13D532A561C3700387E08 /* FirebaseAuth */; };
		75A13D582A561D0100387E08 /* LoginView.swift in Sources */ = {isa = PBXBuildFile; fileRef = 75A13D572A561D0100387E08 /* LoginView.swift */; };
		75A13D5B2A566A9200387E08 /* FirebaseFirestore in Frameworks */ = {isa = PBXBuildFile; productRef = 75A13D5A2A566A9200387E08 /* FirebaseFirestore */; };
		75A13D5D2A566A9200387E08 /* FirebaseFirestoreSwift in Frameworks */ = {isa = PBXBuildFile; productRef = 75A13D5C2A566A9200387E08 /* FirebaseFirestoreSwift */; };
		75A13D5F2A566A9200387E08 /* FirebaseStorage in Frameworks */ = {isa = PBXBuildFile; productRef = 75A13D5E2A566A9200387E08 /* FirebaseStorage */; };
		75A13D612A566DE800387E08 /* User.swift in Sources */ = {isa = PBXBuildFile; fileRef = 75A13D602A566DE800387E08 /* User.swift */; };
		75A13D632A573C5200387E08 /* LoadingView.swift in Sources */ = {isa = PBXBuildFile; fileRef = 75A13D622A573C5200387E08 /* LoadingView.swift */; };
		75FA11442A6C4DC6002D7649 /* AudioVisualizer.swift in Sources */ = {isa = PBXBuildFile; fileRef = 75FA11432A6C4DC6002D7649 /* AudioVisualizer.swift */; };
		75FA11462A6C4EC0002D7649 /* PostsView.swift in Sources */ = {isa = PBXBuildFile; fileRef = 75FA11452A6C4EC0002D7649 /* PostsView.swift */; };
		A81A4D6D2A688637002A2A50 /* HomeView.swift in Sources */ = {isa = PBXBuildFile; fileRef = A81A4D6C2A688637002A2A50 /* HomeView.swift */; };
		A83F190B2A66245F00415687 /* AlertItem.swift in Sources */ = {isa = PBXBuildFile; fileRef = A83F190A2A66245F00415687 /* AlertItem.swift */; };
		A8AA0DDD2A6216A100C9FCDE /* ProfileView.swift in Sources */ = {isa = PBXBuildFile; fileRef = A8AA0DDC2A6216A100C9FCDE /* ProfileView.swift */; };
		A8AB59232A6B354F00E940A9 /* CreateNewPost.swift in Sources */ = {isa = PBXBuildFile; fileRef = A8AB59222A6B354F00E940A9 /* CreateNewPost.swift */; };
		A8AB59252A6B358E00E940A9 /* Post.swift in Sources */ = {isa = PBXBuildFile; fileRef = A8AB59242A6B358E00E940A9 /* Post.swift */; };
		A8B818332A576B4F0003ECCF /* SpotifyAPI in Frameworks */ = {isa = PBXBuildFile; productRef = A8B818322A576B4F0003ECCF /* SpotifyAPI */; };
		A8B818352A5775DC0003ECCF /* SpotifyAuthentication.swift in Sources */ = {isa = PBXBuildFile; fileRef = A8B818342A5775DC0003ECCF /* SpotifyAuthentication.swift */; };
		A8B818372A577C590003ECCF /* RootView.swift in Sources */ = {isa = PBXBuildFile; fileRef = A8B818362A577C590003ECCF /* RootView.swift */; };
		A8C339F02A66178E0084FE05 /* SongView.swift in Sources */ = {isa = PBXBuildFile; fileRef = A8C339EF2A66178E0084FE05 /* SongView.swift */; };
		A8C339F22A661D0C0084FE05 /* SpotifyAPIExtensions.swift in Sources */ = {isa = PBXBuildFile; fileRef = A8C339F12A661D0C0084FE05 /* SpotifyAPIExtensions.swift */; };
		A8E348FF2A61939600F7EDE4 /* TestView.swift in Sources */ = {isa = PBXBuildFile; fileRef = A8E348FE2A61939600F7EDE4 /* TestView.swift */; };
		A8EC1B032A58C46E00882E4A /* KeychainAccess in Frameworks */ = {isa = PBXBuildFile; productRef = A8EC1B022A58C46E00882E4A /* KeychainAccess */; };
		A8F093432A59F4450046DAE4 /* OldSpotifyAuth.swift in Sources */ = {isa = PBXBuildFile; fileRef = A8F093422A59F4450046DAE4 /* OldSpotifyAuth.swift */; };
/* End PBXBuildFile section */

/* Begin PBXFileReference section */
		75015EC42A6894F1003F471F /* EditProfileView.swift */ = {isa = PBXFileReference; lastKnownFileType = sourcecode.swift; path = EditProfileView.swift; sourceTree = "<group>"; };
		7567D6102A65FE2D002D93DF /* SettingsView.swift */ = {isa = PBXFileReference; lastKnownFileType = sourcecode.swift; path = SettingsView.swift; sourceTree = "<group>"; };
		7567D6122A66028A002D93DF /* SearchView.swift */ = {isa = PBXFileReference; lastKnownFileType = sourcecode.swift; path = SearchView.swift; sourceTree = "<group>"; };
		7567D6142A674CD7002D93DF /* ReusableProfileContent.swift */ = {isa = PBXFileReference; lastKnownFileType = sourcecode.swift; path = ReusableProfileContent.swift; sourceTree = "<group>"; };
		759D88722A5CAFB600C19F3E /* MusicApp.xcdatamodel */ = {isa = PBXFileReference; lastKnownFileType = wrapper.xcdatamodel; path = MusicApp.xcdatamodel; sourceTree = "<group>"; };
		759D88742A5CAFFC00C19F3E /* DataController.swift */ = {isa = PBXFileReference; lastKnownFileType = sourcecode.swift; path = DataController.swift; sourceTree = "<group>"; };
		75A13D3D2A54BE1900387E08 /* Music App.app */ = {isa = PBXFileReference; explicitFileType = wrapper.application; includeInIndex = 0; path = "Music App.app"; sourceTree = BUILT_PRODUCTS_DIR; };
		75A13D402A54BE1900387E08 /* Music_AppApp.swift */ = {isa = PBXFileReference; lastKnownFileType = sourcecode.swift; path = Music_AppApp.swift; sourceTree = "<group>"; };
		75A13D422A54BE1900387E08 /* ContentView.swift */ = {isa = PBXFileReference; lastKnownFileType = sourcecode.swift; path = ContentView.swift; sourceTree = "<group>"; };
		75A13D442A54BE1A00387E08 /* Assets.xcassets */ = {isa = PBXFileReference; lastKnownFileType = folder.assetcatalog; path = Assets.xcassets; sourceTree = "<group>"; };
		75A13D472A54BE1A00387E08 /* Preview Assets.xcassets */ = {isa = PBXFileReference; lastKnownFileType = folder.assetcatalog; path = "Preview Assets.xcassets"; sourceTree = "<group>"; };
		75A13D502A5610B500387E08 /* GoogleService-Info.plist */ = {isa = PBXFileReference; fileEncoding = 4; lastKnownFileType = text.plist.xml; path = "GoogleService-Info.plist"; sourceTree = "<group>"; };
		75A13D572A561D0100387E08 /* LoginView.swift */ = {isa = PBXFileReference; lastKnownFileType = sourcecode.swift; path = LoginView.swift; sourceTree = "<group>"; };
		75A13D602A566DE800387E08 /* User.swift */ = {isa = PBXFileReference; lastKnownFileType = sourcecode.swift; path = User.swift; sourceTree = "<group>"; };
		75A13D622A573C5200387E08 /* LoadingView.swift */ = {isa = PBXFileReference; lastKnownFileType = sourcecode.swift; path = LoadingView.swift; sourceTree = "<group>"; };
		75FA11432A6C4DC6002D7649 /* AudioVisualizer.swift */ = {isa = PBXFileReference; lastKnownFileType = sourcecode.swift; path = AudioVisualizer.swift; sourceTree = "<group>"; };
		75FA11452A6C4EC0002D7649 /* PostsView.swift */ = {isa = PBXFileReference; lastKnownFileType = sourcecode.swift; path = PostsView.swift; sourceTree = "<group>"; };
		A81A4D6C2A688637002A2A50 /* HomeView.swift */ = {isa = PBXFileReference; lastKnownFileType = sourcecode.swift; path = HomeView.swift; sourceTree = "<group>"; };
		A83F190A2A66245F00415687 /* AlertItem.swift */ = {isa = PBXFileReference; lastKnownFileType = sourcecode.swift; path = AlertItem.swift; sourceTree = "<group>"; };
		A8AA0DDC2A6216A100C9FCDE /* ProfileView.swift */ = {isa = PBXFileReference; lastKnownFileType = sourcecode.swift; path = ProfileView.swift; sourceTree = "<group>"; };
		A8AB59222A6B354F00E940A9 /* CreateNewPost.swift */ = {isa = PBXFileReference; lastKnownFileType = sourcecode.swift; path = CreateNewPost.swift; sourceTree = "<group>"; };
		A8AB59242A6B358E00E940A9 /* Post.swift */ = {isa = PBXFileReference; lastKnownFileType = sourcecode.swift; path = Post.swift; sourceTree = "<group>"; };
		A8B818302A5764250003ECCF /* Music-App-Info.plist */ = {isa = PBXFileReference; lastKnownFileType = text.plist; path = "Music-App-Info.plist"; sourceTree = SOURCE_ROOT; };
		A8B818342A5775DC0003ECCF /* SpotifyAuthentication.swift */ = {isa = PBXFileReference; lastKnownFileType = sourcecode.swift; path = SpotifyAuthentication.swift; sourceTree = "<group>"; };
		A8B818362A577C590003ECCF /* RootView.swift */ = {isa = PBXFileReference; lastKnownFileType = sourcecode.swift; path = RootView.swift; sourceTree = "<group>"; };
		A8C339EF2A66178E0084FE05 /* SongView.swift */ = {isa = PBXFileReference; lastKnownFileType = sourcecode.swift; path = SongView.swift; sourceTree = "<group>"; };
		A8C339F12A661D0C0084FE05 /* SpotifyAPIExtensions.swift */ = {isa = PBXFileReference; lastKnownFileType = sourcecode.swift; path = SpotifyAPIExtensions.swift; sourceTree = "<group>"; };
		A8E348FE2A61939600F7EDE4 /* TestView.swift */ = {isa = PBXFileReference; lastKnownFileType = sourcecode.swift; path = TestView.swift; sourceTree = "<group>"; };
		A8F093422A59F4450046DAE4 /* OldSpotifyAuth.swift */ = {isa = PBXFileReference; lastKnownFileType = sourcecode.swift; path = OldSpotifyAuth.swift; sourceTree = "<group>"; };
/* End PBXFileReference section */

/* Begin PBXFrameworksBuildPhase section */
		75A13D3A2A54BE1900387E08 /* Frameworks */ = {
			isa = PBXFrameworksBuildPhase;
			buildActionMask = 2147483647;
			files = (
				7567D60F2A65FAE5002D93DF /* SDWebImageSwiftUI in Frameworks */,
				75A13D542A561C3700387E08 /* FirebaseAuth in Frameworks */,
				75A13D5F2A566A9200387E08 /* FirebaseStorage in Frameworks */,
				A8EC1B032A58C46E00882E4A /* KeychainAccess in Frameworks */,
				A8B818332A576B4F0003ECCF /* SpotifyAPI in Frameworks */,
				75A13D5B2A566A9200387E08 /* FirebaseFirestore in Frameworks */,
				75A13D5D2A566A9200387E08 /* FirebaseFirestoreSwift in Frameworks */,
			);
			runOnlyForDeploymentPostprocessing = 0;
		};
/* End PBXFrameworksBuildPhase section */

/* Begin PBXGroup section */
		75A13D342A54BE1900387E08 = {
			isa = PBXGroup;
			children = (
				75A13D3F2A54BE1900387E08 /* Music App */,
				75A13D3E2A54BE1900387E08 /* Products */,
				75A13D592A566A9200387E08 /* Frameworks */,
			);
			sourceTree = "<group>";
		};
		75A13D3E2A54BE1900387E08 /* Products */ = {
			isa = PBXGroup;
			children = (
				75A13D3D2A54BE1900387E08 /* Music App.app */,
			);
			name = Products;
			sourceTree = "<group>";
		};
		75A13D3F2A54BE1900387E08 /* Music App */ = {
			isa = PBXGroup;
			children = (
				A8B818302A5764250003ECCF /* Music-App-Info.plist */,
				75A13D562A561CB900387E08 /* Model */,
				75A13D552A561CA900387E08 /* View */,
				75A13D402A54BE1900387E08 /* Music_AppApp.swift */,
				75A13D502A5610B500387E08 /* GoogleService-Info.plist */,
				75A13D422A54BE1900387E08 /* ContentView.swift */,
				75A13D442A54BE1A00387E08 /* Assets.xcassets */,
				75A13D462A54BE1A00387E08 /* Preview Content */,
			);
			path = "Music App";
			sourceTree = "<group>";
		};
		75A13D462A54BE1A00387E08 /* Preview Content */ = {
			isa = PBXGroup;
			children = (
				75A13D472A54BE1A00387E08 /* Preview Assets.xcassets */,
			);
			path = "Preview Content";
			sourceTree = "<group>";
		};
		75A13D552A561CA900387E08 /* View */ = {
			isa = PBXGroup;
			children = (
				75A13D572A561D0100387E08 /* LoginView.swift */,
				75A13D622A573C5200387E08 /* LoadingView.swift */,
				A8B818362A577C590003ECCF /* RootView.swift */,
				A8E348FE2A61939600F7EDE4 /* TestView.swift */,
				A8AA0DDC2A6216A100C9FCDE /* ProfileView.swift */,
				7567D6102A65FE2D002D93DF /* SettingsView.swift */,
				7567D6122A66028A002D93DF /* SearchView.swift */,
				A8C339EF2A66178E0084FE05 /* SongView.swift */,
				7567D6142A674CD7002D93DF /* ReusableProfileContent.swift */,
				A81A4D6C2A688637002A2A50 /* HomeView.swift */,
				75015EC42A6894F1003F471F /* EditProfileView.swift */,
				A8AB59222A6B354F00E940A9 /* CreateNewPost.swift */,
				75FA11432A6C4DC6002D7649 /* AudioVisualizer.swift */,
				75FA11452A6C4EC0002D7649 /* PostsView.swift */,
			);
			path = View;
			sourceTree = "<group>";
		};
		75A13D562A561CB900387E08 /* Model */ = {
			isa = PBXGroup;
			children = (
				759D88712A5CAFB600C19F3E /* MusicApp.xcdatamodeld */,
				75A13D602A566DE800387E08 /* User.swift */,
				A8B818342A5775DC0003ECCF /* SpotifyAuthentication.swift */,
				A8F093422A59F4450046DAE4 /* OldSpotifyAuth.swift */,
				759D88742A5CAFFC00C19F3E /* DataController.swift */,
				A8C339F12A661D0C0084FE05 /* SpotifyAPIExtensions.swift */,
				A83F190A2A66245F00415687 /* AlertItem.swift */,
				A8AB59242A6B358E00E940A9 /* Post.swift */,
			);
			path = Model;
			sourceTree = "<group>";
		};
		75A13D592A566A9200387E08 /* Frameworks */ = {
			isa = PBXGroup;
			children = (
			);
			name = Frameworks;
			sourceTree = "<group>";
		};
/* End PBXGroup section */

/* Begin PBXNativeTarget section */
		75A13D3C2A54BE1900387E08 /* Music App */ = {
			isa = PBXNativeTarget;
			buildConfigurationList = 75A13D4B2A54BE1A00387E08 /* Build configuration list for PBXNativeTarget "Music App" */;
			buildPhases = (
				75A13D392A54BE1900387E08 /* Sources */,
				75A13D3A2A54BE1900387E08 /* Frameworks */,
				75A13D3B2A54BE1900387E08 /* Resources */,
			);
			buildRules = (
			);
			dependencies = (
			);
			name = "Music App";
			packageProductDependencies = (
				75A13D532A561C3700387E08 /* FirebaseAuth */,
				75A13D5A2A566A9200387E08 /* FirebaseFirestore */,
				75A13D5C2A566A9200387E08 /* FirebaseFirestoreSwift */,
				75A13D5E2A566A9200387E08 /* FirebaseStorage */,
				A8B818322A576B4F0003ECCF /* SpotifyAPI */,
				A8EC1B022A58C46E00882E4A /* KeychainAccess */,
				7567D60E2A65FAE5002D93DF /* SDWebImageSwiftUI */,
			);
			productName = "Music App";
			productReference = 75A13D3D2A54BE1900387E08 /* Music App.app */;
			productType = "com.apple.product-type.application";
		};
/* End PBXNativeTarget section */

/* Begin PBXProject section */
		75A13D352A54BE1900387E08 /* Project object */ = {
			isa = PBXProject;
			attributes = {
				BuildIndependentTargetsInParallel = 1;
				LastSwiftUpdateCheck = 1430;
				LastUpgradeCheck = 1430;
				TargetAttributes = {
					75A13D3C2A54BE1900387E08 = {
						CreatedOnToolsVersion = 14.3.1;
					};
				};
			};
			buildConfigurationList = 75A13D382A54BE1900387E08 /* Build configuration list for PBXProject "Music App" */;
			compatibilityVersion = "Xcode 14.0";
			developmentRegion = en;
			hasScannedForEncodings = 0;
			knownRegions = (
				en,
				Base,
			);
			mainGroup = 75A13D342A54BE1900387E08;
			packageReferences = (
				75A13D522A561C3700387E08 /* XCRemoteSwiftPackageReference "firebase-ios-sdk" */,
				A8B818312A576B4F0003ECCF /* XCRemoteSwiftPackageReference "SpotifyAPI" */,
				A8EC1B012A58C46E00882E4A /* XCRemoteSwiftPackageReference "KeychainAccess" */,
				7567D60D2A65FAE5002D93DF /* XCRemoteSwiftPackageReference "SDWebImageSwiftUI" */,
			);
			productRefGroup = 75A13D3E2A54BE1900387E08 /* Products */;
			projectDirPath = "";
			projectRoot = "";
			targets = (
				75A13D3C2A54BE1900387E08 /* Music App */,
			);
		};
/* End PBXProject section */

/* Begin PBXResourcesBuildPhase section */
		75A13D3B2A54BE1900387E08 /* Resources */ = {
			isa = PBXResourcesBuildPhase;
			buildActionMask = 2147483647;
			files = (
				75A13D482A54BE1A00387E08 /* Preview Assets.xcassets in Resources */,
				75A13D452A54BE1A00387E08 /* Assets.xcassets in Resources */,
				75A13D512A5610B500387E08 /* GoogleService-Info.plist in Resources */,
			);
			runOnlyForDeploymentPostprocessing = 0;
		};
/* End PBXResourcesBuildPhase section */

/* Begin PBXSourcesBuildPhase section */
		75A13D392A54BE1900387E08 /* Sources */ = {
			isa = PBXSourcesBuildPhase;
			buildActionMask = 2147483647;
			files = (
				75A13D612A566DE800387E08 /* User.swift in Sources */,
				A8AB59252A6B358E00E940A9 /* Post.swift in Sources */,
				A8AB59232A6B354F00E940A9 /* CreateNewPost.swift in Sources */,
				75A13D582A561D0100387E08 /* LoginView.swift in Sources */,
				A8E348FF2A61939600F7EDE4 /* TestView.swift in Sources */,
				A8B818352A5775DC0003ECCF /* SpotifyAuthentication.swift in Sources */,
				7567D6152A674CD7002D93DF /* ReusableProfileContent.swift in Sources */,
				75A13D432A54BE1900387E08 /* ContentView.swift in Sources */,
				A8C339F22A661D0C0084FE05 /* SpotifyAPIExtensions.swift in Sources */,
				A8F093432A59F4450046DAE4 /* OldSpotifyAuth.swift in Sources */,
				A8AA0DDD2A6216A100C9FCDE /* ProfileView.swift in Sources */,
				759D88752A5CAFFC00C19F3E /* DataController.swift in Sources */,
				75015EC52A6894F1003F471F /* EditProfileView.swift in Sources */,
				75A13D632A573C5200387E08 /* LoadingView.swift in Sources */,
				A8B818372A577C590003ECCF /* RootView.swift in Sources */,
				75FA11442A6C4DC6002D7649 /* AudioVisualizer.swift in Sources */,
				7567D6132A66028A002D93DF /* SearchView.swift in Sources */,
				A83F190B2A66245F00415687 /* AlertItem.swift in Sources */,
				75A13D412A54BE1900387E08 /* Music_AppApp.swift in Sources */,
				A8C339F02A66178E0084FE05 /* SongView.swift in Sources */,
				759D88732A5CAFB600C19F3E /* MusicApp.xcdatamodeld in Sources */,
				7567D6112A65FE2D002D93DF /* SettingsView.swift in Sources */,
				75FA11462A6C4EC0002D7649 /* PostsView.swift in Sources */,
				A81A4D6D2A688637002A2A50 /* HomeView.swift in Sources */,
			);
			runOnlyForDeploymentPostprocessing = 0;
		};
/* End PBXSourcesBuildPhase section */

/* Begin XCBuildConfiguration section */
		75A13D492A54BE1A00387E08 /* Debug */ = {
			isa = XCBuildConfiguration;
			buildSettings = {
				ALWAYS_SEARCH_USER_PATHS = NO;
				CLANG_ANALYZER_NONNULL = YES;
				CLANG_ANALYZER_NUMBER_OBJECT_CONVERSION = YES_AGGRESSIVE;
				CLANG_CXX_LANGUAGE_STANDARD = "gnu++20";
				CLANG_ENABLE_MODULES = YES;
				CLANG_ENABLE_OBJC_ARC = YES;
				CLANG_ENABLE_OBJC_WEAK = YES;
				CLANG_WARN_BLOCK_CAPTURE_AUTORELEASING = YES;
				CLANG_WARN_BOOL_CONVERSION = YES;
				CLANG_WARN_COMMA = YES;
				CLANG_WARN_CONSTANT_CONVERSION = YES;
				CLANG_WARN_DEPRECATED_OBJC_IMPLEMENTATIONS = YES;
				CLANG_WARN_DIRECT_OBJC_ISA_USAGE = YES_ERROR;
				CLANG_WARN_DOCUMENTATION_COMMENTS = YES;
				CLANG_WARN_EMPTY_BODY = YES;
				CLANG_WARN_ENUM_CONVERSION = YES;
				CLANG_WARN_INFINITE_RECURSION = YES;
				CLANG_WARN_INT_CONVERSION = YES;
				CLANG_WARN_NON_LITERAL_NULL_CONVERSION = YES;
				CLANG_WARN_OBJC_IMPLICIT_RETAIN_SELF = YES;
				CLANG_WARN_OBJC_LITERAL_CONVERSION = YES;
				CLANG_WARN_OBJC_ROOT_CLASS = YES_ERROR;
				CLANG_WARN_QUOTED_INCLUDE_IN_FRAMEWORK_HEADER = YES;
				CLANG_WARN_RANGE_LOOP_ANALYSIS = YES;
				CLANG_WARN_STRICT_PROTOTYPES = YES;
				CLANG_WARN_SUSPICIOUS_MOVE = YES;
				CLANG_WARN_UNGUARDED_AVAILABILITY = YES_AGGRESSIVE;
				CLANG_WARN_UNREACHABLE_CODE = YES;
				CLANG_WARN__DUPLICATE_METHOD_MATCH = YES;
				COPY_PHASE_STRIP = NO;
				DEBUG_INFORMATION_FORMAT = dwarf;
				ENABLE_STRICT_OBJC_MSGSEND = YES;
				ENABLE_TESTABILITY = YES;
				GCC_C_LANGUAGE_STANDARD = gnu11;
				GCC_DYNAMIC_NO_PIC = NO;
				GCC_NO_COMMON_BLOCKS = YES;
				GCC_OPTIMIZATION_LEVEL = 0;
				GCC_PREPROCESSOR_DEFINITIONS = (
					"DEBUG=1",
					"$(inherited)",
				);
				GCC_WARN_64_TO_32_BIT_CONVERSION = YES;
				GCC_WARN_ABOUT_RETURN_TYPE = YES_ERROR;
				GCC_WARN_UNDECLARED_SELECTOR = YES;
				GCC_WARN_UNINITIALIZED_AUTOS = YES_AGGRESSIVE;
				GCC_WARN_UNUSED_FUNCTION = YES;
				GCC_WARN_UNUSED_VARIABLE = YES;
				IPHONEOS_DEPLOYMENT_TARGET = 16.4;
				MTL_ENABLE_DEBUG_INFO = INCLUDE_SOURCE;
				MTL_FAST_MATH = YES;
				ONLY_ACTIVE_ARCH = YES;
				SDKROOT = iphoneos;
				SWIFT_ACTIVE_COMPILATION_CONDITIONS = DEBUG;
				SWIFT_OPTIMIZATION_LEVEL = "-Onone";
			};
			name = Debug;
		};
		75A13D4A2A54BE1A00387E08 /* Release */ = {
			isa = XCBuildConfiguration;
			buildSettings = {
				ALWAYS_SEARCH_USER_PATHS = NO;
				CLANG_ANALYZER_NONNULL = YES;
				CLANG_ANALYZER_NUMBER_OBJECT_CONVERSION = YES_AGGRESSIVE;
				CLANG_CXX_LANGUAGE_STANDARD = "gnu++20";
				CLANG_ENABLE_MODULES = YES;
				CLANG_ENABLE_OBJC_ARC = YES;
				CLANG_ENABLE_OBJC_WEAK = YES;
				CLANG_WARN_BLOCK_CAPTURE_AUTORELEASING = YES;
				CLANG_WARN_BOOL_CONVERSION = YES;
				CLANG_WARN_COMMA = YES;
				CLANG_WARN_CONSTANT_CONVERSION = YES;
				CLANG_WARN_DEPRECATED_OBJC_IMPLEMENTATIONS = YES;
				CLANG_WARN_DIRECT_OBJC_ISA_USAGE = YES_ERROR;
				CLANG_WARN_DOCUMENTATION_COMMENTS = YES;
				CLANG_WARN_EMPTY_BODY = YES;
				CLANG_WARN_ENUM_CONVERSION = YES;
				CLANG_WARN_INFINITE_RECURSION = YES;
				CLANG_WARN_INT_CONVERSION = YES;
				CLANG_WARN_NON_LITERAL_NULL_CONVERSION = YES;
				CLANG_WARN_OBJC_IMPLICIT_RETAIN_SELF = YES;
				CLANG_WARN_OBJC_LITERAL_CONVERSION = YES;
				CLANG_WARN_OBJC_ROOT_CLASS = YES_ERROR;
				CLANG_WARN_QUOTED_INCLUDE_IN_FRAMEWORK_HEADER = YES;
				CLANG_WARN_RANGE_LOOP_ANALYSIS = YES;
				CLANG_WARN_STRICT_PROTOTYPES = YES;
				CLANG_WARN_SUSPICIOUS_MOVE = YES;
				CLANG_WARN_UNGUARDED_AVAILABILITY = YES_AGGRESSIVE;
				CLANG_WARN_UNREACHABLE_CODE = YES;
				CLANG_WARN__DUPLICATE_METHOD_MATCH = YES;
				COPY_PHASE_STRIP = NO;
				DEBUG_INFORMATION_FORMAT = "dwarf-with-dsym";
				ENABLE_NS_ASSERTIONS = NO;
				ENABLE_STRICT_OBJC_MSGSEND = YES;
				GCC_C_LANGUAGE_STANDARD = gnu11;
				GCC_NO_COMMON_BLOCKS = YES;
				GCC_WARN_64_TO_32_BIT_CONVERSION = YES;
				GCC_WARN_ABOUT_RETURN_TYPE = YES_ERROR;
				GCC_WARN_UNDECLARED_SELECTOR = YES;
				GCC_WARN_UNINITIALIZED_AUTOS = YES_AGGRESSIVE;
				GCC_WARN_UNUSED_FUNCTION = YES;
				GCC_WARN_UNUSED_VARIABLE = YES;
				IPHONEOS_DEPLOYMENT_TARGET = 16.4;
				MTL_ENABLE_DEBUG_INFO = NO;
				MTL_FAST_MATH = YES;
				SDKROOT = iphoneos;
				SWIFT_COMPILATION_MODE = wholemodule;
				SWIFT_OPTIMIZATION_LEVEL = "-O";
				VALIDATE_PRODUCT = YES;
			};
			name = Release;
		};
		75A13D4C2A54BE1A00387E08 /* Debug */ = {
			isa = XCBuildConfiguration;
			buildSettings = {
				ASSETCATALOG_COMPILER_APPICON_NAME = AppIcon;
				ASSETCATALOG_COMPILER_GLOBAL_ACCENT_COLOR_NAME = AccentColor;
				CODE_SIGN_IDENTITY = "Apple Development";
				CODE_SIGN_STYLE = Automatic;
				CURRENT_PROJECT_VERSION = 1;
				DEVELOPMENT_ASSET_PATHS = "\"Music App/Preview Content\"";
				DEVELOPMENT_TEAM = "";
				ENABLE_PREVIEWS = YES;
				GENERATE_INFOPLIST_FILE = YES;
				INFOPLIST_FILE = "Music-App-Info.plist";
				INFOPLIST_KEY_NSPhotoLibraryUsageDescription = "Please allow access to select a profile picture";
				INFOPLIST_KEY_UIApplicationSceneManifest_Generation = YES;
				INFOPLIST_KEY_UIApplicationSupportsIndirectInputEvents = YES;
				INFOPLIST_KEY_UILaunchScreen_Generation = YES;
				INFOPLIST_KEY_UISupportedInterfaceOrientations_iPad = "UIInterfaceOrientationPortrait UIInterfaceOrientationPortraitUpsideDown UIInterfaceOrientationLandscapeLeft UIInterfaceOrientationLandscapeRight";
				INFOPLIST_KEY_UISupportedInterfaceOrientations_iPhone = "UIInterfaceOrientationPortrait UIInterfaceOrientationLandscapeLeft UIInterfaceOrientationLandscapeRight";
				LD_RUNPATH_SEARCH_PATHS = (
					"$(inherited)",
					"@executable_path/Frameworks",
				);
				MARKETING_VERSION = 1.0;
				PRODUCT_BUNDLE_IDENTIFIER = "com.sanskar.Music-App";
				PRODUCT_NAME = "$(TARGET_NAME)";
				PROVISIONING_PROFILE_SPECIFIER = "";
				SWIFT_EMIT_LOC_STRINGS = YES;
				SWIFT_VERSION = 5.0;
				TARGETED_DEVICE_FAMILY = "1,2";
			};
			name = Debug;
		};
		75A13D4D2A54BE1A00387E08 /* Release */ = {
			isa = XCBuildConfiguration;
			buildSettings = {
				ASSETCATALOG_COMPILER_APPICON_NAME = AppIcon;
				ASSETCATALOG_COMPILER_GLOBAL_ACCENT_COLOR_NAME = AccentColor;
				CODE_SIGN_IDENTITY = "Apple Development";
				CODE_SIGN_STYLE = Automatic;
				CURRENT_PROJECT_VERSION = 1;
				DEVELOPMENT_ASSET_PATHS = "\"Music App/Preview Content\"";
				DEVELOPMENT_TEAM = "";
				ENABLE_PREVIEWS = YES;
				GENERATE_INFOPLIST_FILE = YES;
				INFOPLIST_FILE = "Music-App-Info.plist";
				INFOPLIST_KEY_NSPhotoLibraryUsageDescription = "Please allow access to select a profile picture";
				INFOPLIST_KEY_UIApplicationSceneManifest_Generation = YES;
				INFOPLIST_KEY_UIApplicationSupportsIndirectInputEvents = YES;
				INFOPLIST_KEY_UILaunchScreen_Generation = YES;
				INFOPLIST_KEY_UISupportedInterfaceOrientations_iPad = "UIInterfaceOrientationPortrait UIInterfaceOrientationPortraitUpsideDown UIInterfaceOrientationLandscapeLeft UIInterfaceOrientationLandscapeRight";
				INFOPLIST_KEY_UISupportedInterfaceOrientations_iPhone = "UIInterfaceOrientationPortrait UIInterfaceOrientationLandscapeLeft UIInterfaceOrientationLandscapeRight";
				LD_RUNPATH_SEARCH_PATHS = (
					"$(inherited)",
					"@executable_path/Frameworks",
				);
				MARKETING_VERSION = 1.0;
				PRODUCT_BUNDLE_IDENTIFIER = "com.sanskar.Music-App";
				PRODUCT_NAME = "$(TARGET_NAME)";
				PROVISIONING_PROFILE_SPECIFIER = "";
				SWIFT_EMIT_LOC_STRINGS = YES;
				SWIFT_VERSION = 5.0;
				TARGETED_DEVICE_FAMILY = "1,2";
			};
			name = Release;
		};
/* End XCBuildConfiguration section */

/* Begin XCConfigurationList section */
		75A13D382A54BE1900387E08 /* Build configuration list for PBXProject "Music App" */ = {
			isa = XCConfigurationList;
			buildConfigurations = (
				75A13D492A54BE1A00387E08 /* Debug */,
				75A13D4A2A54BE1A00387E08 /* Release */,
			);
			defaultConfigurationIsVisible = 0;
			defaultConfigurationName = Release;
		};
		75A13D4B2A54BE1A00387E08 /* Build configuration list for PBXNativeTarget "Music App" */ = {
			isa = XCConfigurationList;
			buildConfigurations = (
				75A13D4C2A54BE1A00387E08 /* Debug */,
				75A13D4D2A54BE1A00387E08 /* Release */,
			);
			defaultConfigurationIsVisible = 0;
			defaultConfigurationName = Release;
		};
/* End XCConfigurationList section */

/* Begin XCRemoteSwiftPackageReference section */
		7567D60D2A65FAE5002D93DF /* XCRemoteSwiftPackageReference "SDWebImageSwiftUI" */ = {
			isa = XCRemoteSwiftPackageReference;
			repositoryURL = "https://github.com/SDWebImage/SDWebImageSwiftUI";
			requirement = {
				kind = upToNextMajorVersion;
				minimumVersion = 2.0.0;
			};
		};
		75A13D522A561C3700387E08 /* XCRemoteSwiftPackageReference "firebase-ios-sdk" */ = {
			isa = XCRemoteSwiftPackageReference;
			repositoryURL = "https://github.com/firebase/firebase-ios-sdk";
			requirement = {
				kind = upToNextMajorVersion;
				minimumVersion = 10.0.0;
			};
		};
		A8B818312A576B4F0003ECCF /* XCRemoteSwiftPackageReference "SpotifyAPI" */ = {
			isa = XCRemoteSwiftPackageReference;
			repositoryURL = "https://github.com/Peter-Schorn/SpotifyAPI";
			requirement = {
				kind = upToNextMajorVersion;
				minimumVersion = 2.0.0;
			};
		};
		A8EC1B012A58C46E00882E4A /* XCRemoteSwiftPackageReference "KeychainAccess" */ = {
			isa = XCRemoteSwiftPackageReference;
			repositoryURL = "https://github.com/kishikawakatsumi/KeychainAccess";
			requirement = {
				branch = master;
				kind = branch;
			};
		};
/* End XCRemoteSwiftPackageReference section */

/* Begin XCSwiftPackageProductDependency section */
		7567D60E2A65FAE5002D93DF /* SDWebImageSwiftUI */ = {
			isa = XCSwiftPackageProductDependency;
			package = 7567D60D2A65FAE5002D93DF /* XCRemoteSwiftPackageReference "SDWebImageSwiftUI" */;
			productName = SDWebImageSwiftUI;
		};
		75A13D532A561C3700387E08 /* FirebaseAuth */ = {
			isa = XCSwiftPackageProductDependency;
			package = 75A13D522A561C3700387E08 /* XCRemoteSwiftPackageReference "firebase-ios-sdk" */;
			productName = FirebaseAuth;
		};
		75A13D5A2A566A9200387E08 /* FirebaseFirestore */ = {
			isa = XCSwiftPackageProductDependency;
			package = 75A13D522A561C3700387E08 /* XCRemoteSwiftPackageReference "firebase-ios-sdk" */;
			productName = FirebaseFirestore;
		};
		75A13D5C2A566A9200387E08 /* FirebaseFirestoreSwift */ = {
			isa = XCSwiftPackageProductDependency;
			package = 75A13D522A561C3700387E08 /* XCRemoteSwiftPackageReference "firebase-ios-sdk" */;
			productName = FirebaseFirestoreSwift;
		};
		75A13D5E2A566A9200387E08 /* FirebaseStorage */ = {
			isa = XCSwiftPackageProductDependency;
			package = 75A13D522A561C3700387E08 /* XCRemoteSwiftPackageReference "firebase-ios-sdk" */;
			productName = FirebaseStorage;
		};
		A8B818322A576B4F0003ECCF /* SpotifyAPI */ = {
			isa = XCSwiftPackageProductDependency;
			package = A8B818312A576B4F0003ECCF /* XCRemoteSwiftPackageReference "SpotifyAPI" */;
			productName = SpotifyAPI;
		};
		A8EC1B022A58C46E00882E4A /* KeychainAccess */ = {
			isa = XCSwiftPackageProductDependency;
			package = A8EC1B012A58C46E00882E4A /* XCRemoteSwiftPackageReference "KeychainAccess" */;
			productName = KeychainAccess;
		};
/* End XCSwiftPackageProductDependency section */

/* Begin XCVersionGroup section */
		759D88712A5CAFB600C19F3E /* MusicApp.xcdatamodeld */ = {
			isa = XCVersionGroup;
			children = (
				759D88722A5CAFB600C19F3E /* MusicApp.xcdatamodel */,
			);
			currentVersion = 759D88722A5CAFB600C19F3E /* MusicApp.xcdatamodel */;
			path = MusicApp.xcdatamodeld;
			sourceTree = "<group>";
			versionGroupType = wrapper.xcdatamodel;
		};
/* End XCVersionGroup section */
	};
	rootObject = 75A13D352A54BE1900387E08 /* Project object */;
}
